
Microsoft Visual Studio Solution File, Format Version 12.00
# Visual Studio 15
Project("{FAE04EC0-301F-11D3-BF4B-00C04F79EFBC}") = "Assembly-CSharp", "Assembly-CSharp.csproj", "{5BA306C8-0627-AA97-5B8F-1E76DBC2B217}"
EndProject
Project("{FAE04EC0-301F-11D3-BF4B-00C04F79EFBC}") = "Assembly-CSharp", "Assembly-CSharp.Player.csproj", "{2A176A4A-2989-6AF3-9680-F55AED41702E}"
EndProject
Global
	GlobalSection(SolutionConfigurationPlatforms) = preSolution
		Debug|Any CPU = Debug|Any CPU
		Release|Any CPU = Release|Any CPU
	EndGlobalSection
	GlobalSection(ProjectConfigurationPlatforms) = postSolution
		{5BA306C8-0627-AA97-5B8F-1E76DBC2B217}.Debug|Any CPU.ActiveCfg = Debug|Any CPU
		{5BA306C8-0627-AA97-5B8F-1E76DBC2B217}.Debug|Any CPU.Build.0 = Debug|Any CPU
		{5BA306C8-0627-AA97-5B8F-1E76DBC2B217}.Release|Any CPU.ActiveCfg = Release|Any CPU
		{5BA306C8-0627-AA97-5B8F-1E76DBC2B217}.Release|Any CPU.Build.0 = Release|Any CPU
		{2A176A4A-2989-6AF3-9680-F55AED41702E}.Debug|Any CPU.ActiveCfg = Debug|Any CPU
		{2A176A4A-2989-6AF3-9680-F55AED41702E}.Debug|Any CPU.Build.0 = Debug|Any CPU
		{2A176A4A-2989-6AF3-9680-F55AED41702E}.Release|Any CPU.ActiveCfg = Release|Any CPU
		{2A176A4A-2989-6AF3-9680-F55AED41702E}.Release|Any CPU.Build.0 = Release|Any CPU
	EndGlobalSection
	GlobalSection(SolutionProperties) = preSolution
		HideSolutionNode = FALSE
	EndGlobalSection
EndGlobal
